
Microsoft Visual Studio Solution File, Format Version 12.00
# Visual Studio 14
VisualStudioVersion = 14.0.24720.0
MinimumVisualStudioVersion = 10.0.40219.1
Project("{2150E333-8FDC-42A3-9474-1A3956D46DE8}") = "0. Blinklicht", "0. Blinklicht", "{FE80D3BB-367D-4697-BD3C-CC2FBD845292}"
EndProject
Project("{2150E333-8FDC-42A3-9474-1A3956D46DE8}") = "1. Lichtschalter", "1. Lichtschalter", "{BBBB2500-5B81-493A-9600-1AAA028FB70E}"
EndProject
Project("{2150E333-8FDC-42A3-9474-1A3956D46DE8}") = "2. InfoScreen", "2. InfoScreen", "{8453D04D-DBDF-4114-8FC2-5D0A17AD343E}"
EndProject
Project("{2150E333-8FDC-42A3-9474-1A3956D46DE8}") = "3. Temperaturmessung", "3. Temperaturmessung", "{C1BE9EB3-B956-4776-AFD1-03A3A3F56865}"
EndProject
Project("{2150E333-8FDC-42A3-9474-1A3956D46DE8}") = "4. Mobile and IoT", "4. Mobile and IoT", "{A0A3FC8B-9606-40E3-BE2B-4D71FEA5CD8B}"
EndProject
Project("{2150E333-8FDC-42A3-9474-1A3956D46DE8}") = "5. Mobile Datenerfassung", "5. Mobile Datenerfassung", "{7CDFEC3D-C243-4889-8EDB-9E5DE5284A44}"
EndProject
Project("{2150E333-8FDC-42A3-9474-1A3956D46DE8}") = "6. Azure IoT", "6. Azure IoT", "{5A26017D-6BDF-4847-B204-0A45B08A107D}"
EndProject
Project("{2150E333-8FDC-42A3-9474-1A3956D46DE8}") = "7. Zeitansage", "7. Zeitansage", "{9FBFE270-8950-42BC-83F3-973702D7A130}"
EndProject
Project("{2150E333-8FDC-42A3-9474-1A3956D46DE8}") = "8. Arduino Wiring", "8. Arduino Wiring", "{CDA62C3C-A23E-4490-9E4D-50F2BFCB8D1E}"
EndProject
Project("{FAE04EC0-301F-11D3-BF4B-00C04F79EFBC}") = "Blinklicht", "Blinklicht\Blinklicht.csproj", "{EC1E6C22-F7CE-427A-8EAE-A7AD7201A3E7}"
EndProject
Project("{FAE04EC0-301F-11D3-BF4B-00C04F79EFBC}") = "Lichtschalter.WebServer", "Lichtschalter.WebServer\Lichtschalter.WebServer.csproj", "{AF19A8DA-914F-4814-A16F-A0495D9DD191}"
EndProject
Project("{FAE04EC0-301F-11D3-BF4B-00C04F79EFBC}") = "InfoScreen.Client", "InfoScreen\InfoScreen.Client.csproj", "{A9E00714-D198-442C-980F-74D21B91D778}"
EndProject
Project("{FAE04EC0-301F-11D3-BF4B-00C04F79EFBC}") = "Messdatenerfassung Temperatur", "Messdatenerfassung Temperatur\Messdatenerfassung Temperatur.csproj", "{F160B0E1-9B92-49C8-9BBD-148EDA8A5AFE}"
EndProject
Project("{FAE04EC0-301F-11D3-BF4B-00C04F79EFBC}") = "Mobile And IoT", "Mobile And IoT\Mobile And IoT.csproj", "{068DDF22-D8BC-417B-9B85-CAF7AD011730}"
EndProject
Project("{FAE04EC0-301F-11D3-BF4B-00C04F79EFBC}") = "Mobile Datenerfassung", "Mobile Datenerfassung\Mobile Datenerfassung.csproj", "{AF762151-94FB-4826-8300-F570293EE012}"
EndProject
Project("{FAE04EC0-301F-11D3-BF4B-00C04F79EFBC}") = "MessageProcessor", "MessageProcessor\MessageProcessor.csproj", "{025C8A29-3605-42E0-8434-56AC1A6FD76E}"
EndProject
Project("{FAE04EC0-301F-11D3-BF4B-00C04F79EFBC}") = "MessageSender", "MessageSender\MessageSender.csproj", "{71127A46-5EF4-42E7-9EC7-C5AD41D56F1A}"
EndProject
Project("{FAE04EC0-301F-11D3-BF4B-00C04F79EFBC}") = "RegisterDevice", "RegisterDevice\RegisterDevice.csproj", "{0FF3A882-1115-4793-A0C1-A24A48D63A05}"
EndProject
Project("{FAE04EC0-301F-11D3-BF4B-00C04F79EFBC}") = "Zeitansage", "Zeitansage\Zeitansage.csproj", "{FA60ABDB-E19D-4A8C-9755-8C226DF7EE31}"
EndProject
Project("{8BC9CEB8-8B4A-11D0-8D11-00A0C91BC942}") = "BlinklichtArduino", "BlinklichtArduino\BlinklichtArduino.vcxproj", "{B8259895-D86D-463F-8CB3-AAF5CAC3FA9E}"
EndProject
Global
	GlobalSection(SolutionConfigurationPlatforms) = preSolution
		Debug|Any CPU = Debug|Any CPU
		Debug|ARM = Debug|ARM
		Debug|x64 = Debug|x64
		Debug|x86 = Debug|x86
		Release|Any CPU = Release|Any CPU
		Release|ARM = Release|ARM
		Release|x64 = Release|x64
		Release|x86 = Release|x86
	EndGlobalSection
	GlobalSection(ProjectConfigurationPlatforms) = postSolution
		{EC1E6C22-F7CE-427A-8EAE-A7AD7201A3E7}.Debug|Any CPU.ActiveCfg = Debug|x86
		{EC1E6C22-F7CE-427A-8EAE-A7AD7201A3E7}.Debug|ARM.ActiveCfg = Debug|ARM
		{EC1E6C22-F7CE-427A-8EAE-A7AD7201A3E7}.Debug|ARM.Build.0 = Debug|ARM
		{EC1E6C22-F7CE-427A-8EAE-A7AD7201A3E7}.Debug|ARM.Deploy.0 = Debug|ARM
		{EC1E6C22-F7CE-427A-8EAE-A7AD7201A3E7}.Debug|x64.ActiveCfg = Debug|x64
		{EC1E6C22-F7CE-427A-8EAE-A7AD7201A3E7}.Debug|x64.Build.0 = Debug|x64
		{EC1E6C22-F7CE-427A-8EAE-A7AD7201A3E7}.Debug|x64.Deploy.0 = Debug|x64
		{EC1E6C22-F7CE-427A-8EAE-A7AD7201A3E7}.Debug|x86.ActiveCfg = Debug|x86
		{EC1E6C22-F7CE-427A-8EAE-A7AD7201A3E7}.Debug|x86.Build.0 = Debug|x86
		{EC1E6C22-F7CE-427A-8EAE-A7AD7201A3E7}.Debug|x86.Deploy.0 = Debug|x86
		{EC1E6C22-F7CE-427A-8EAE-A7AD7201A3E7}.Release|Any CPU.ActiveCfg = Release|x86
		{EC1E6C22-F7CE-427A-8EAE-A7AD7201A3E7}.Release|ARM.ActiveCfg = Release|ARM
		{EC1E6C22-F7CE-427A-8EAE-A7AD7201A3E7}.Release|ARM.Build.0 = Release|ARM
		{EC1E6C22-F7CE-427A-8EAE-A7AD7201A3E7}.Release|ARM.Deploy.0 = Release|ARM
		{EC1E6C22-F7CE-427A-8EAE-A7AD7201A3E7}.Release|x64.ActiveCfg = Release|x64
		{EC1E6C22-F7CE-427A-8EAE-A7AD7201A3E7}.Release|x64.Build.0 = Release|x64
		{EC1E6C22-F7CE-427A-8EAE-A7AD7201A3E7}.Release|x64.Deploy.0 = Release|x64
		{EC1E6C22-F7CE-427A-8EAE-A7AD7201A3E7}.Release|x86.ActiveCfg = Release|x86
		{EC1E6C22-F7CE-427A-8EAE-A7AD7201A3E7}.Release|x86.Build.0 = Release|x86
		{EC1E6C22-F7CE-427A-8EAE-A7AD7201A3E7}.Release|x86.Deploy.0 = Release|x86
		{AF19A8DA-914F-4814-A16F-A0495D9DD191}.Debug|Any CPU.ActiveCfg = Debug|x86
		{AF19A8DA-914F-4814-A16F-A0495D9DD191}.Debug|ARM.ActiveCfg = Debug|ARM
		{AF19A8DA-914F-4814-A16F-A0495D9DD191}.Debug|ARM.Build.0 = Debug|ARM
		{AF19A8DA-914F-4814-A16F-A0495D9DD191}.Debug|ARM.Deploy.0 = Debug|ARM
		{AF19A8DA-914F-4814-A16F-A0495D9DD191}.Debug|x64.ActiveCfg = Debug|x64
		{AF19A8DA-914F-4814-A16F-A0495D9DD191}.Debug|x64.Build.0 = Debug|x64
		{AF19A8DA-914F-4814-A16F-A0495D9DD191}.Debug|x64.Deploy.0 = Debug|x64
		{AF19A8DA-914F-4814-A16F-A0495D9DD191}.Debug|x86.ActiveCfg = Debug|x86
		{AF19A8DA-914F-4814-A16F-A0495D9DD191}.Debug|x86.Build.0 = Debug|x86
		{AF19A8DA-914F-4814-A16F-A0495D9DD191}.Debug|x86.Deploy.0 = Debug|x86
		{AF19A8DA-914F-4814-A16F-A0495D9DD191}.Release|Any CPU.ActiveCfg = Release|x86
		{AF19A8DA-914F-4814-A16F-A0495D9DD191}.Release|ARM.ActiveCfg = Release|ARM
		{AF19A8DA-914F-4814-A16F-A0495D9DD191}.Release|ARM.Build.0 = Release|ARM
		{AF19A8DA-914F-4814-A16F-A0495D9DD191}.Release|ARM.Deploy.0 = Release|ARM
		{AF19A8DA-914F-4814-A16F-A0495D9DD191}.Release|x64.ActiveCfg = Release|x64
		{AF19A8DA-914F-4814-A16F-A0495D9DD191}.Release|x64.Build.0 = Release|x64
		{AF19A8DA-914F-4814-A16F-A0495D9DD191}.Release|x64.Deploy.0 = Release|x64
		{AF19A8DA-914F-4814-A16F-A0495D9DD191}.Release|x86.ActiveCfg = Release|x86
		{AF19A8DA-914F-4814-A16F-A0495D9DD191}.Release|x86.Build.0 = Release|x86
		{AF19A8DA-914F-4814-A16F-A0495D9DD191}.Release|x86.Deploy.0 = Release|x86
		{A9E00714-D198-442C-980F-74D21B91D778}.Debug|Any CPU.ActiveCfg = Debug|x86
		{A9E00714-D198-442C-980F-74D21B91D778}.Debug|ARM.ActiveCfg = Debug|ARM
		{A9E00714-D198-442C-980F-74D21B91D778}.Debug|ARM.Build.0 = Debug|ARM
		{A9E00714-D198-442C-980F-74D21B91D778}.Debug|ARM.Deploy.0 = Debug|ARM
		{A9E00714-D198-442C-980F-74D21B91D778}.Debug|x64.ActiveCfg = Debug|x64
		{A9E00714-D198-442C-980F-74D21B91D778}.Debug|x64.Build.0 = Debug|x64
		{A9E00714-D198-442C-980F-74D21B91D778}.Debug|x64.Deploy.0 = Debug|x64
		{A9E00714-D198-442C-980F-74D21B91D778}.Debug|x86.ActiveCfg = Debug|x86
		{A9E00714-D198-442C-980F-74D21B91D778}.Debug|x86.Build.0 = Debug|x86
		{A9E00714-D198-442C-980F-74D21B91D778}.Debug|x86.Deploy.0 = Debug|x86
		{A9E00714-D198-442C-980F-74D21B91D778}.Release|Any CPU.ActiveCfg = Release|x86
		{A9E00714-D198-442C-980F-74D21B91D778}.Release|ARM.ActiveCfg = Release|ARM
		{A9E00714-D198-442C-980F-74D21B91D778}.Release|ARM.Build.0 = Release|ARM
		{A9E00714-D198-442C-980F-74D21B91D778}.Release|ARM.Deploy.0 = Release|ARM
		{A9E00714-D198-442C-980F-74D21B91D778}.Release|x64.ActiveCfg = Release|x64
		{A9E00714-D198-442C-980F-74D21B91D778}.Release|x64.Build.0 = Release|x64
		{A9E00714-D198-442C-980F-74D21B91D778}.Release|x64.Deploy.0 = Release|x64
		{A9E00714-D198-442C-980F-74D21B91D778}.Release|x86.ActiveCfg = Release|x86
		{A9E00714-D198-442C-980F-74D21B91D778}.Release|x86.Build.0 = Release|x86
		{A9E00714-D198-442C-980F-74D21B91D778}.Release|x86.Deploy.0 = Release|x86
		{F160B0E1-9B92-49C8-9BBD-148EDA8A5AFE}.Debug|Any CPU.ActiveCfg = Debug|x86
		{F160B0E1-9B92-49C8-9BBD-148EDA8A5AFE}.Debug|ARM.ActiveCfg = Debug|ARM
		{F160B0E1-9B92-49C8-9BBD-148EDA8A5AFE}.Debug|ARM.Build.0 = Debug|ARM
		{F160B0E1-9B92-49C8-9BBD-148EDA8A5AFE}.Debug|ARM.Deploy.0 = Debug|ARM
		{F160B0E1-9B92-49C8-9BBD-148EDA8A5AFE}.Debug|x64.ActiveCfg = Debug|x64
		{F160B0E1-9B92-49C8-9BBD-148EDA8A5AFE}.Debug|x64.Build.0 = Debug|x64
		{F160B0E1-9B92-49C8-9BBD-148EDA8A5AFE}.Debug|x64.Deploy.0 = Debug|x64
		{F160B0E1-9B92-49C8-9BBD-148EDA8A5AFE}.Debug|x86.ActiveCfg = Debug|x86
		{F160B0E1-9B92-49C8-9BBD-148EDA8A5AFE}.Debug|x86.Build.0 = Debug|x86
		{F160B0E1-9B92-49C8-9BBD-148EDA8A5AFE}.Debug|x86.Deploy.0 = Debug|x86
		{F160B0E1-9B92-49C8-9BBD-148EDA8A5AFE}.Release|Any CPU.ActiveCfg = Release|x86
		{F160B0E1-9B92-49C8-9BBD-148EDA8A5AFE}.Release|ARM.ActiveCfg = Release|ARM
		{F160B0E1-9B92-49C8-9BBD-148EDA8A5AFE}.Release|ARM.Build.0 = Release|ARM
		{F160B0E1-9B92-49C8-9BBD-148EDA8A5AFE}.Release|ARM.Deploy.0 = Release|ARM
		{F160B0E1-9B92-49C8-9BBD-148EDA8A5AFE}.Release|x64.ActiveCfg = Release|x64
		{F160B0E1-9B92-49C8-9BBD-148EDA8A5AFE}.Release|x64.Build.0 = Release|x64
		{F160B0E1-9B92-49C8-9BBD-148EDA8A5AFE}.Release|x64.Deploy.0 = Release|x64
		{F160B0E1-9B92-49C8-9BBD-148EDA8A5AFE}.Release|x86.ActiveCfg = Release|x86
		{F160B0E1-9B92-49C8-9BBD-148EDA8A5AFE}.Release|x86.Build.0 = Release|x86
		{F160B0E1-9B92-49C8-9BBD-148EDA8A5AFE}.Release|x86.Deploy.0 = Release|x86
		{068DDF22-D8BC-417B-9B85-CAF7AD011730}.Debug|Any CPU.ActiveCfg = Debug|x86
		{068DDF22-D8BC-417B-9B85-CAF7AD011730}.Debug|ARM.ActiveCfg = Debug|ARM
		{068DDF22-D8BC-417B-9B85-CAF7AD011730}.Debug|ARM.Build.0 = Debug|ARM
		{068DDF22-D8BC-417B-9B85-CAF7AD011730}.Debug|ARM.Deploy.0 = Debug|ARM
		{068DDF22-D8BC-417B-9B85-CAF7AD011730}.Debug|x64.ActiveCfg = Debug|x64
		{068DDF22-D8BC-417B-9B85-CAF7AD011730}.Debug|x64.Build.0 = Debug|x64
		{068DDF22-D8BC-417B-9B85-CAF7AD011730}.Debug|x64.Deploy.0 = Debug|x64
		{068DDF22-D8BC-417B-9B85-CAF7AD011730}.Debug|x86.ActiveCfg = Debug|x86
		{068DDF22-D8BC-417B-9B85-CAF7AD011730}.Debug|x86.Build.0 = Debug|x86
		{068DDF22-D8BC-417B-9B85-CAF7AD011730}.Debug|x86.Deploy.0 = Debug|x86
		{068DDF22-D8BC-417B-9B85-CAF7AD011730}.Release|Any CPU.ActiveCfg = Release|x86
		{068DDF22-D8BC-417B-9B85-CAF7AD011730}.Release|ARM.ActiveCfg = Release|ARM
		{068DDF22-D8BC-417B-9B85-CAF7AD011730}.Release|ARM.Build.0 = Release|ARM
		{068DDF22-D8BC-417B-9B85-CAF7AD011730}.Release|ARM.Deploy.0 = Release|ARM
		{068DDF22-D8BC-417B-9B85-CAF7AD011730}.Release|x64.ActiveCfg = Release|x64
		{068DDF22-D8BC-417B-9B85-CAF7AD011730}.Release|x64.Build.0 = Release|x64
		{068DDF22-D8BC-417B-9B85-CAF7AD011730}.Release|x64.Deploy.0 = Release|x64
		{068DDF22-D8BC-417B-9B85-CAF7AD011730}.Release|x86.ActiveCfg = Release|x86
		{068DDF22-D8BC-417B-9B85-CAF7AD011730}.Release|x86.Build.0 = Release|x86
		{068DDF22-D8BC-417B-9B85-CAF7AD011730}.Release|x86.Deploy.0 = Release|x86
		{AF762151-94FB-4826-8300-F570293EE012}.Debug|Any CPU.ActiveCfg = Debug|x86
		{AF762151-94FB-4826-8300-F570293EE012}.Debug|ARM.ActiveCfg = Debug|ARM
		{AF762151-94FB-4826-8300-F570293EE012}.Debug|ARM.Build.0 = Debug|ARM
		{AF762151-94FB-4826-8300-F570293EE012}.Debug|ARM.Deploy.0 = Debug|ARM
		{AF762151-94FB-4826-8300-F570293EE012}.Debug|x64.ActiveCfg = Debug|x64
		{AF762151-94FB-4826-8300-F570293EE012}.Debug|x64.Build.0 = Debug|x64
		{AF762151-94FB-4826-8300-F570293EE012}.Debug|x64.Deploy.0 = Debug|x64
		{AF762151-94FB-4826-8300-F570293EE012}.Debug|x86.ActiveCfg = Debug|x86
		{AF762151-94FB-4826-8300-F570293EE012}.Debug|x86.Build.0 = Debug|x86
		{AF762151-94FB-4826-8300-F570293EE012}.Debug|x86.Deploy.0 = Debug|x86
		{AF762151-94FB-4826-8300-F570293EE012}.Release|Any CPU.ActiveCfg = Release|x86
		{AF762151-94FB-4826-8300-F570293EE012}.Release|ARM.ActiveCfg = Release|ARM
		{AF762151-94FB-4826-8300-F570293EE012}.Release|ARM.Build.0 = Release|ARM
		{AF762151-94FB-4826-8300-F570293EE012}.Release|ARM.Deploy.0 = Release|ARM
		{AF762151-94FB-4826-8300-F570293EE012}.Release|x64.ActiveCfg = Release|x64
		{AF762151-94FB-4826-8300-F570293EE012}.Release|x64.Build.0 = Release|x64
		{AF762151-94FB-4826-8300-F570293EE012}.Release|x64.Deploy.0 = Release|x64
		{AF762151-94FB-4826-8300-F570293EE012}.Release|x86.ActiveCfg = Release|x86
		{AF762151-94FB-4826-8300-F570293EE012}.Release|x86.Build.0 = Release|x86
		{AF762151-94FB-4826-8300-F570293EE012}.Release|x86.Deploy.0 = Release|x86
		{025C8A29-3605-42E0-8434-56AC1A6FD76E}.Debug|Any CPU.ActiveCfg = Debug|Any CPU
		{025C8A29-3605-42E0-8434-56AC1A6FD76E}.Debug|Any CPU.Build.0 = Debug|Any CPU
		{025C8A29-3605-42E0-8434-56AC1A6FD76E}.Debug|ARM.ActiveCfg = Debug|Any CPU
		{025C8A29-3605-42E0-8434-56AC1A6FD76E}.Debug|ARM.Build.0 = Debug|Any CPU
		{025C8A29-3605-42E0-8434-56AC1A6FD76E}.Debug|x64.ActiveCfg = Debug|Any CPU
		{025C8A29-3605-42E0-8434-56AC1A6FD76E}.Debug|x64.Build.0 = Debug|Any CPU
		{025C8A29-3605-42E0-8434-56AC1A6FD76E}.Debug|x86.ActiveCfg = Debug|Any CPU
		{025C8A29-3605-42E0-8434-56AC1A6FD76E}.Debug|x86.Build.0 = Debug|Any CPU
		{025C8A29-3605-42E0-8434-56AC1A6FD76E}.Release|Any CPU.ActiveCfg = Release|Any CPU
		{025C8A29-3605-42E0-8434-56AC1A6FD76E}.Release|Any CPU.Build.0 = Release|Any CPU
		{025C8A29-3605-42E0-8434-56AC1A6FD76E}.Release|ARM.ActiveCfg = Release|Any CPU
		{025C8A29-3605-42E0-8434-56AC1A6FD76E}.Release|ARM.Build.0 = Release|Any CPU
		{025C8A29-3605-42E0-8434-56AC1A6FD76E}.Release|x64.ActiveCfg = Release|Any CPU
		{025C8A29-3605-42E0-8434-56AC1A6FD76E}.Release|x64.Build.0 = Release|Any CPU
		{025C8A29-3605-42E0-8434-56AC1A6FD76E}.Release|x86.ActiveCfg = Release|Any CPU
		{025C8A29-3605-42E0-8434-56AC1A6FD76E}.Release|x86.Build.0 = Release|Any CPU
		{71127A46-5EF4-42E7-9EC7-C5AD41D56F1A}.Debug|Any CPU.ActiveCfg = Debug|x86
		{71127A46-5EF4-42E7-9EC7-C5AD41D56F1A}.Debug|ARM.ActiveCfg = Debug|ARM
		{71127A46-5EF4-42E7-9EC7-C5AD41D56F1A}.Debug|ARM.Build.0 = Debug|ARM
		{71127A46-5EF4-42E7-9EC7-C5AD41D56F1A}.Debug|ARM.Deploy.0 = Debug|ARM
		{71127A46-5EF4-42E7-9EC7-C5AD41D56F1A}.Debug|x64.ActiveCfg = Debug|x64
		{71127A46-5EF4-42E7-9EC7-C5AD41D56F1A}.Debug|x64.Build.0 = Debug|x64
		{71127A46-5EF4-42E7-9EC7-C5AD41D56F1A}.Debug|x64.Deploy.0 = Debug|x64
		{71127A46-5EF4-42E7-9EC7-C5AD41D56F1A}.Debug|x86.ActiveCfg = Debug|x86
		{71127A46-5EF4-42E7-9EC7-C5AD41D56F1A}.Debug|x86.Build.0 = Debug|x86
		{71127A46-5EF4-42E7-9EC7-C5AD41D56F1A}.Debug|x86.Deploy.0 = Debug|x86
		{71127A46-5EF4-42E7-9EC7-C5AD41D56F1A}.Release|Any CPU.ActiveCfg = Release|x86
		{71127A46-5EF4-42E7-9EC7-C5AD41D56F1A}.Release|ARM.ActiveCfg = Release|ARM
		{71127A46-5EF4-42E7-9EC7-C5AD41D56F1A}.Release|ARM.Build.0 = Release|ARM
		{71127A46-5EF4-42E7-9EC7-C5AD41D56F1A}.Release|ARM.Deploy.0 = Release|ARM
		{71127A46-5EF4-42E7-9EC7-C5AD41D56F1A}.Release|x64.ActiveCfg = Release|x64
		{71127A46-5EF4-42E7-9EC7-C5AD41D56F1A}.Release|x64.Build.0 = Release|x64
		{71127A46-5EF4-42E7-9EC7-C5AD41D56F1A}.Release|x64.Deploy.0 = Release|x64
		{71127A46-5EF4-42E7-9EC7-C5AD41D56F1A}.Release|x86.ActiveCfg = Release|x86
		{71127A46-5EF4-42E7-9EC7-C5AD41D56F1A}.Release|x86.Build.0 = Release|x86
		{71127A46-5EF4-42E7-9EC7-C5AD41D56F1A}.Release|x86.Deploy.0 = Release|x86
		{0FF3A882-1115-4793-A0C1-A24A48D63A05}.Debug|Any CPU.ActiveCfg = Debug|Any CPU
		{0FF3A882-1115-4793-A0C1-A24A48D63A05}.Debug|Any CPU.Build.0 = Debug|Any CPU
		{0FF3A882-1115-4793-A0C1-A24A48D63A05}.Debug|ARM.ActiveCfg = Debug|Any CPU
		{0FF3A882-1115-4793-A0C1-A24A48D63A05}.Debug|ARM.Build.0 = Debug|Any CPU
		{0FF3A882-1115-4793-A0C1-A24A48D63A05}.Debug|x64.ActiveCfg = Debug|Any CPU
		{0FF3A882-1115-4793-A0C1-A24A48D63A05}.Debug|x64.Build.0 = Debug|Any CPU
		{0FF3A882-1115-4793-A0C1-A24A48D63A05}.Debug|x86.ActiveCfg = Debug|Any CPU
		{0FF3A882-1115-4793-A0C1-A24A48D63A05}.Debug|x86.Build.0 = Debug|Any CPU
		{0FF3A882-1115-4793-A0C1-A24A48D63A05}.Release|Any CPU.ActiveCfg = Release|Any CPU
		{0FF3A882-1115-4793-A0C1-A24A48D63A05}.Release|Any CPU.Build.0 = Release|Any CPU
		{0FF3A882-1115-4793-A0C1-A24A48D63A05}.Release|ARM.ActiveCfg = Release|Any CPU
		{0FF3A882-1115-4793-A0C1-A24A48D63A05}.Release|ARM.Build.0 = Release|Any CPU
		{0FF3A882-1115-4793-A0C1-A24A48D63A05}.Release|x64.ActiveCfg = Release|Any CPU
		{0FF3A882-1115-4793-A0C1-A24A48D63A05}.Release|x64.Build.0 = Release|Any CPU
		{0FF3A882-1115-4793-A0C1-A24A48D63A05}.Release|x86.ActiveCfg = Release|Any CPU
		{0FF3A882-1115-4793-A0C1-A24A48D63A05}.Release|x86.Build.0 = Release|Any CPU
		{FA60ABDB-E19D-4A8C-9755-8C226DF7EE31}.Debug|Any CPU.ActiveCfg = Debug|x86
		{FA60ABDB-E19D-4A8C-9755-8C226DF7EE31}.Debug|ARM.ActiveCfg = Debug|ARM
		{FA60ABDB-E19D-4A8C-9755-8C226DF7EE31}.Debug|ARM.Build.0 = Debug|ARM
		{FA60ABDB-E19D-4A8C-9755-8C226DF7EE31}.Debug|ARM.Deploy.0 = Debug|ARM
		{FA60ABDB-E19D-4A8C-9755-8C226DF7EE31}.Debug|x64.ActiveCfg = Debug|x64
		{FA60ABDB-E19D-4A8C-9755-8C226DF7EE31}.Debug|x64.Build.0 = Debug|x64
		{FA60ABDB-E19D-4A8C-9755-8C226DF7EE31}.Debug|x64.Deploy.0 = Debug|x64
		{FA60ABDB-E19D-4A8C-9755-8C226DF7EE31}.Debug|x86.ActiveCfg = Debug|x86
		{FA60ABDB-E19D-4A8C-9755-8C226DF7EE31}.Debug|x86.Build.0 = Debug|x86
		{FA60ABDB-E19D-4A8C-9755-8C226DF7EE31}.Debug|x86.Deploy.0 = Debug|x86
		{FA60ABDB-E19D-4A8C-9755-8C226DF7EE31}.Release|Any CPU.ActiveCfg = Release|x86
		{FA60ABDB-E19D-4A8C-9755-8C226DF7EE31}.Release|ARM.ActiveCfg = Release|ARM
		{FA60ABDB-E19D-4A8C-9755-8C226DF7EE31}.Release|ARM.Build.0 = Release|ARM
		{FA60ABDB-E19D-4A8C-9755-8C226DF7EE31}.Release|ARM.Deploy.0 = Release|ARM
		{FA60ABDB-E19D-4A8C-9755-8C226DF7EE31}.Release|x64.ActiveCfg = Release|x64
		{FA60ABDB-E19D-4A8C-9755-8C226DF7EE31}.Release|x64.Build.0 = Release|x64
		{FA60ABDB-E19D-4A8C-9755-8C226DF7EE31}.Release|x64.Deploy.0 = Release|x64
		{FA60ABDB-E19D-4A8C-9755-8C226DF7EE31}.Release|x86.ActiveCfg = Release|x86
		{FA60ABDB-E19D-4A8C-9755-8C226DF7EE31}.Release|x86.Build.0 = Release|x86
		{FA60ABDB-E19D-4A8C-9755-8C226DF7EE31}.Release|x86.Deploy.0 = Release|x86
		{B8259895-D86D-463F-8CB3-AAF5CAC3FA9E}.Debug|Any CPU.ActiveCfg = Debug|Win32
		{B8259895-D86D-463F-8CB3-AAF5CAC3FA9E}.Debug|ARM.ActiveCfg = Debug|ARM
		{B8259895-D86D-463F-8CB3-AAF5CAC3FA9E}.Debug|ARM.Build.0 = Debug|ARM
		{B8259895-D86D-463F-8CB3-AAF5CAC3FA9E}.Debug|ARM.Deploy.0 = Debug|ARM
		{B8259895-D86D-463F-8CB3-AAF5CAC3FA9E}.Debug|x64.ActiveCfg = Debug|x64
		{B8259895-D86D-463F-8CB3-AAF5CAC3FA9E}.Debug|x64.Build.0 = Debug|x64
		{B8259895-D86D-463F-8CB3-AAF5CAC3FA9E}.Debug|x64.Deploy.0 = Debug|x64
		{B8259895-D86D-463F-8CB3-AAF5CAC3FA9E}.Debug|x86.ActiveCfg = Debug|Win32
		{B8259895-D86D-463F-8CB3-AAF5CAC3FA9E}.Debug|x86.Build.0 = Debug|Win32
		{B8259895-D86D-463F-8CB3-AAF5CAC3FA9E}.Debug|x86.Deploy.0 = Debug|Win32
		{B8259895-D86D-463F-8CB3-AAF5CAC3FA9E}.Release|Any CPU.ActiveCfg = Release|Win32
		{B8259895-D86D-463F-8CB3-AAF5CAC3FA9E}.Release|ARM.ActiveCfg = Release|ARM
		{B8259895-D86D-463F-8CB3-AAF5CAC3FA9E}.Release|ARM.Build.0 = Release|ARM
		{B8259895-D86D-463F-8CB3-AAF5CAC3FA9E}.Release|ARM.Deploy.0 = Release|ARM
		{B8259895-D86D-463F-8CB3-AAF5CAC3FA9E}.Release|x64.ActiveCfg = Release|x64
		{B8259895-D86D-463F-8CB3-AAF5CAC3FA9E}.Release|x64.Build.0 = Release|x64
		{B8259895-D86D-463F-8CB3-AAF5CAC3FA9E}.Release|x64.Deploy.0 = Release|x64
		{B8259895-D86D-463F-8CB3-AAF5CAC3FA9E}.Release|x86.ActiveCfg = Release|Win32
		{B8259895-D86D-463F-8CB3-AAF5CAC3FA9E}.Release|x86.Build.0 = Release|Win32
		{B8259895-D86D-463F-8CB3-AAF5CAC3FA9E}.Release|x86.Deploy.0 = Release|Win32
	EndGlobalSection
	GlobalSection(SolutionProperties) = preSolution
		HideSolutionNode = FALSE
	EndGlobalSection
	GlobalSection(NestedProjects) = preSolution
		{EC1E6C22-F7CE-427A-8EAE-A7AD7201A3E7} = {FE80D3BB-367D-4697-BD3C-CC2FBD845292}
		{AF19A8DA-914F-4814-A16F-A0495D9DD191} = {BBBB2500-5B81-493A-9600-1AAA028FB70E}
		{A9E00714-D198-442C-980F-74D21B91D778} = {8453D04D-DBDF-4114-8FC2-5D0A17AD343E}
		{F160B0E1-9B92-49C8-9BBD-148EDA8A5AFE} = {C1BE9EB3-B956-4776-AFD1-03A3A3F56865}
		{068DDF22-D8BC-417B-9B85-CAF7AD011730} = {A0A3FC8B-9606-40E3-BE2B-4D71FEA5CD8B}
		{AF762151-94FB-4826-8300-F570293EE012} = {7CDFEC3D-C243-4889-8EDB-9E5DE5284A44}
		{025C8A29-3605-42E0-8434-56AC1A6FD76E} = {5A26017D-6BDF-4847-B204-0A45B08A107D}
		{71127A46-5EF4-42E7-9EC7-C5AD41D56F1A} = {5A26017D-6BDF-4847-B204-0A45B08A107D}
		{0FF3A882-1115-4793-A0C1-A24A48D63A05} = {5A26017D-6BDF-4847-B204-0A45B08A107D}
		{FA60ABDB-E19D-4A8C-9755-8C226DF7EE31} = {9FBFE270-8950-42BC-83F3-973702D7A130}
		{B8259895-D86D-463F-8CB3-AAF5CAC3FA9E} = {CDA62C3C-A23E-4490-9E4D-50F2BFCB8D1E}
	EndGlobalSection
EndGlobal
